
Microsoft Visual Studio Solution File, Format Version 12.00
# Visual Studio Version 16
VisualStudioVersion = 16.0.30104.148
MinimumVisualStudioVersion = 10.0.40219.1
Project("{FAE04EC0-301F-11D3-BF4B-00C04F79EFBC}") = "BT1", "BT1\BT1.csproj", "{6598833E-BAA1-4A8D-826E-482C1D733FD9}"
EndProject
Project("{FAE04EC0-301F-11D3-BF4B-00C04F79EFBC}") = "BT3", "BT3\BT3.csproj", "{188EE306-D2A5-4CB8-8550-C6BA3ED874C8}"
EndProject
Global
	GlobalSection(SolutionConfigurationPlatforms) = preSolution
		Debug|Any CPU = Debug|Any CPU
		Release|Any CPU = Release|Any CPU
	EndGlobalSection
	GlobalSection(ProjectConfigurationPlatforms) = postSolution
		{6598833E-BAA1-4A8D-826E-482C1D733FD9}.Debug|Any CPU.ActiveCfg = Debug|Any CPU
		{6598833E-BAA1-4A8D-826E-482C1D733FD9}.Debug|Any CPU.Build.0 = Debug|Any CPU
		{6598833E-BAA1-4A8D-826E-482C1D733FD9}.Release|Any CPU.ActiveCfg = Release|Any CPU
		{6598833E-BAA1-4A8D-826E-482C1D733FD9}.Release|Any CPU.Build.0 = Release|Any CPU
		{188EE306-D2A5-4CB8-8550-C6BA3ED874C8}.Debug|Any CPU.ActiveCfg = Debug|Any CPU
		{188EE306-D2A5-4CB8-8550-C6BA3ED874C8}.Debug|Any CPU.Build.0 = Debug|Any CPU
		{188EE306-D2A5-4CB8-8550-C6BA3ED874C8}.Release|Any CPU.ActiveCfg = Release|Any CPU
		{188EE306-D2A5-4CB8-8550-C6BA3ED874C8}.Release|Any CPU.Build.0 = Release|Any CPU
	EndGlobalSection
	GlobalSection(SolutionProperties) = preSolution
		HideSolutionNode = FALSE
	EndGlobalSection
	GlobalSection(ExtensibilityGlobals) = postSolution
		SolutionGuid = {09301138-786C-44AF-BD34-488524734077}
	EndGlobalSection
EndGlobal
